
Microsoft Visual Studio Solution File, Format Version 12.00
# Visual Studio Version 17
VisualStudioVersion = 17.14.36401.2 d17.14
MinimumVisualStudioVersion = 10.0.40219.1
Project("{FAE04EC0-301F-11D3-BF4B-00C04F79EFBC}") = "CleanFixConsola", "CleanFixConsola.csproj", "{873117F9-63B0-3460-F512-CE7101FE9EC2}"
EndProject
Global
	GlobalSection(SolutionConfigurationPlatforms) = preSolution
		Debug|Any CPU = Debug|Any CPU
		Release|Any CPU = Release|Any CPU
	EndGlobalSection
	GlobalSection(ProjectConfigurationPlatforms) = postSolution
		{873117F9-63B0-3460-F512-CE7101FE9EC2}.Debug|Any CPU.ActiveCfg = Debug|Any CPU
		{873117F9-63B0-3460-F512-CE7101FE9EC2}.Debug|Any CPU.Build.0 = Debug|Any CPU
		{873117F9-63B0-3460-F512-CE7101FE9EC2}.Release|Any CPU.ActiveCfg = Release|Any CPU
		{873117F9-63B0-3460-F512-CE7101FE9EC2}.Release|Any CPU.Build.0 = Release|Any CPU
	EndGlobalSection
	GlobalSection(SolutionProperties) = preSolution
		HideSolutionNode = FALSE
	EndGlobalSection
	GlobalSection(ExtensibilityGlobals) = postSolution
		SolutionGuid = {BF63D7EC-AC20-4D50-96AD-E88873EC790B}
	EndGlobalSection
EndGlobal
